{
  "name": "ng-material-template",
  "lockfileVersion": 2,
  "requires": true,
  "packages": {
    "": {
      "dependencies": {
        "@angular/material": "^14.0.4"
      },
      "devDependencies": {
        "prettier": "^2.6.2"
      }
    },
    "node_modules/@angular/animations": {
      "version": "14.0.4",
      "resolved": "https://registry.npmjs.org/@angular/animations/-/animations-14.0.4.tgz",
      "integrity": "sha512-+Qe+wLA0DOHlOdFRQSEJoenhFm5zcKwkDItqAFT5NVYOT04yxXq8NFRIHSbqn468qR70EkX514lKi6pr6nxGYQ==",
      "peer": true,
      "dependencies": {
        "tslib": "^2.3.0"
      },
      "engines": {
        "node": "^14.15.0 || >=16.10.0"
      },
      "peerDependencies": {
        "@angular/core": "14.0.4"
      }
    },
    "node_modules/@angular/cdk": {
      "version": "14.0.4",
      "resolved": "https://registry.npmjs.org/@angular/cdk/-/cdk-14.0.4.tgz",
      "integrity": "sha512-zPM4VZadoKzTF9TZ7Yx5gJ7GtQpt62f8ofdH/BF2atG+TaNzOEFqtzogP4WuJDFAxJXOPMePobhth4YjUk0Wbw==",
      "peer": true,
      "dependencies": {
        "tslib": "^2.3.0"
      },
      "optionalDependencies": {
        "parse5": "^5.0.0"
      },
      "peerDependencies": {
        "@angular/common": "^14.0.0 || ^15.0.0",
        "@angular/core": "^14.0.0 || ^15.0.0",
        "rxjs": "^6.5.3 || ^7.4.0"
      }
    },
    "node_modules/@angular/common": {
      "version": "14.0.4",
      "resolved": "https://registry.npmjs.org/@angular/common/-/common-14.0.4.tgz",
      "integrity": "sha512-CvlFa2lCxen0LB3N45IzZDdMIqpcasXfVUhiAkLxZgT+kSTunc/rg8hMoLHVfmFpkQKCQmPVyuzNXnSwIFhYkQ==",
      "peer": true,
      "dependencies": {
        "tslib": "^2.3.0"
      },
      "engines": {
        "node": "^14.15.0 || >=16.10.0"
      },
      "peerDependencies": {
        "@angular/core": "14.0.4",
        "rxjs": "^6.5.3 || ^7.4.0"
      }
    },
    "node_modules/@angular/core": {
      "version": "14.0.4",
      "resolved": "https://registry.npmjs.org/@angular/core/-/core-14.0.4.tgz",
      "integrity": "sha512-uMS/X+/5RokF3uiiD1IAr6Ha9k7QPegHrAB3QW0x6WRUTMq0K+08F+AeF5COmbfYMMaxofD6x8XmM+BLeg/0hw==",
      "peer": true,
      "dependencies": {
        "tslib": "^2.3.0"
      },
      "engines": {
        "node": "^14.15.0 || >=16.10.0"
      },
      "peerDependencies": {
        "rxjs": "^6.5.3 || ^7.4.0",
        "zone.js": "~0.11.4"
      }
    },
    "node_modules/@angular/forms": {
      "version": "14.0.4",
      "resolved": "https://registry.npmjs.org/@angular/forms/-/forms-14.0.4.tgz",
      "integrity": "sha512-u/9y09WQ00y6BQeNo69hMa/Fx+xKHGnmcjMtS3xkZtmoCP+A0ebumG0Y9DfXs2olJY2//O5di7Qu3fwlBg+3Cw==",
      "peer": true,
      "dependencies": {
        "tslib": "^2.3.0"
      },
      "engines": {
        "node": "^14.15.0 || >=16.10.0"
      },
      "peerDependencies": {
        "@angular/common": "14.0.4",
        "@angular/core": "14.0.4",
        "@angular/platform-browser": "14.0.4",
        "rxjs": "^6.5.3 || ^7.4.0"
      }
    },
    "node_modules/@angular/material": {
      "version": "14.0.4",
      "resolved": "https://registry.npmjs.org/@angular/material/-/material-14.0.4.tgz",
      "integrity": "sha512-Ysz6oPbpLH7CvRR6oxQwpUImSbFqxL4+eiH0LPc7vkaOSrvGdZ/7cWhAfT6hVnw3bEY+eq5qBSMgyVUB44z4eg==",
      "dependencies": {
        "tslib": "^2.3.0"
      },
      "peerDependencies": {
        "@angular/animations": "^14.0.0 || ^15.0.0",
        "@angular/cdk": "14.0.4",
        "@angular/common": "^14.0.0 || ^15.0.0",
        "@angular/core": "^14.0.0 || ^15.0.0",
        "@angular/forms": "^14.0.0 || ^15.0.0",
        "@angular/platform-browser": "^14.0.0 || ^15.0.0",
        "rxjs": "^6.5.3 || ^7.4.0"
      }
    },
    "node_modules/@angular/platform-browser": {
      "version": "14.0.4",
      "resolved": "https://registry.npmjs.org/@angular/platform-browser/-/platform-browser-14.0.4.tgz",
      "integrity": "sha512-VFeFpQ+248m8GiCqcsHwH4PET7tR1cyXnhsep1EeI4MDaO+aIbsUcESqXzMm5+ChOmNyiCtLQu8QvfHZK0uDVA==",
      "peer": true,
      "dependencies": {
        "tslib": "^2.3.0"
      },
      "engines": {
        "node": "^14.15.0 || >=16.10.0"
      },
      "peerDependencies": {
        "@angular/animations": "14.0.4",
        "@angular/common": "14.0.4",
        "@angular/core": "14.0.4"
      },
      "peerDependenciesMeta": {
        "@angular/animations": {
          "optional": true
        }
      }
    },
    "node_modules/parse5": {
      "version": "5.1.1",
      "resolved": "https://registry.npmjs.org/parse5/-/parse5-5.1.1.tgz",
      "integrity": "sha512-ugq4DFI0Ptb+WWjAdOK16+u/nHfiIrcE+sh8kZMaM0WllQKLI9rOUq6c2b7cwPkXdzfQESqvoqK6ug7U/Yyzug==",
      "optional": true,
      "peer": true
    },
    "node_modules/prettier": {
      "version": "2.6.2",
      "resolved": "https://registry.npmjs.org/prettier/-/prettier-2.6.2.tgz",
      "integrity": "sha512-PkUpF+qoXTqhOeWL9fu7As8LXsIUZ1WYaJiY/a7McAQzxjk82OF0tibkFXVCDImZtWxbvojFjerkiLb0/q8mew==",
      "dev": true,
      "bin": {
        "prettier": "bin-prettier.js"
      },
      "engines": {
        "node": ">=10.13.0"
      },
      "funding": {
        "url": "https://github.com/prettier/prettier?sponsor=1"
      }
    },
    "node_modules/rxjs": {
      "version": "7.5.5",
      "resolved": "https://registry.npmjs.org/rxjs/-/rxjs-7.5.5.tgz",
      "integrity": "sha512-sy+H0pQofO95VDmFLzyaw9xNJU4KTRSwQIGM6+iG3SypAtCiLDzpeG8sJrNCWn2Up9km+KhkvTdbkrdy+yzZdw==",
      "peer": true,
      "dependencies": {
        "tslib": "^2.1.0"
      }
    },
    "node_modules/tslib": {
      "version": "2.4.0",
      "resolved": "https://registry.npmjs.org/tslib/-/tslib-2.4.0.tgz",
      "integrity": "sha512-d6xOpEDfsi2CZVlPQzGeux8XMwLT9hssAsaPYExaQMuYskwb+x1x7J371tWlbBdWHroy99KnVB6qIkUbs5X3UQ=="
    },
    "node_modules/zone.js": {
      "version": "0.11.6",
      "resolved": "https://registry.npmjs.org/zone.js/-/zone.js-0.11.6.tgz",
      "integrity": "sha512-umJqFtKyZlPli669gB1gOrRE9hxUUGkZr7mo878z+NEBJZZixJkKeVYfnoLa7g25SseUDc92OZrMKKHySyJrFg==",
      "peer": true,
      "dependencies": {
        "tslib": "^2.3.0"
      }
    }
  },
  "dependencies": {
    "@angular/animations": {
      "version": "14.0.4",
      "resolved": "https://registry.npmjs.org/@angular/animations/-/animations-14.0.4.tgz",
      "integrity": "sha512-+Qe+wLA0DOHlOdFRQSEJoenhFm5zcKwkDItqAFT5NVYOT04yxXq8NFRIHSbqn468qR70EkX514lKi6pr6nxGYQ==",
      "peer": true,
      "requires": {
        "tslib": "^2.3.0"
      }
    },
    "@angular/cdk": {
      "version": "14.0.4",
      "resolved": "https://registry.npmjs.org/@angular/cdk/-/cdk-14.0.4.tgz",
      "integrity": "sha512-zPM4VZadoKzTF9TZ7Yx5gJ7GtQpt62f8ofdH/BF2atG+TaNzOEFqtzogP4WuJDFAxJXOPMePobhth4YjUk0Wbw==",
      "peer": true,
      "requires": {
        "parse5": "^5.0.0",
        "tslib": "^2.3.0"
      }
    },
    "@angular/common": {
      "version": "14.0.4",
      "resolved": "https://registry.npmjs.org/@angular/common/-/common-14.0.4.tgz",
      "integrity": "sha512-CvlFa2lCxen0LB3N45IzZDdMIqpcasXfVUhiAkLxZgT+kSTunc/rg8hMoLHVfmFpkQKCQmPVyuzNXnSwIFhYkQ==",
      "peer": true,
      "requires": {
        "tslib": "^2.3.0"
      }
    },
    "@angular/core": {
      "version": "14.0.4",
      "resolved": "https://registry.npmjs.org/@angular/core/-/core-14.0.4.tgz",
      "integrity": "sha512-uMS/X+/5RokF3uiiD1IAr6Ha9k7QPegHrAB3QW0x6WRUTMq0K+08F+AeF5COmbfYMMaxofD6x8XmM+BLeg/0hw==",
      "peer": true,
      "requires": {
        "tslib": "^2.3.0"
      }
    },
    "@angular/forms": {
      "version": "14.0.4",
      "resolved": "https://registry.npmjs.org/@angular/forms/-/forms-14.0.4.tgz",
      "integrity": "sha512-u/9y09WQ00y6BQeNo69hMa/Fx+xKHGnmcjMtS3xkZtmoCP+A0ebumG0Y9DfXs2olJY2//O5di7Qu3fwlBg+3Cw==",
      "peer": true,
      "requires": {
        "tslib": "^2.3.0"
      }
    },
    "@angular/material": {
      "version": "14.0.4",
      "resolved": "https://registry.npmjs.org/@angular/material/-/material-14.0.4.tgz",
      "integrity": "sha512-Ysz6oPbpLH7CvRR6oxQwpUImSbFqxL4+eiH0LPc7vkaOSrvGdZ/7cWhAfT6hVnw3bEY+eq5qBSMgyVUB44z4eg==",
      "requires": {
        "tslib": "^2.3.0"
      }
    },
    "@angular/platform-browser": {
      "version": "14.0.4",
      "resolved": "https://registry.npmjs.org/@angular/platform-browser/-/platform-browser-14.0.4.tgz",
      "integrity": "sha512-VFeFpQ+248m8GiCqcsHwH4PET7tR1cyXnhsep1EeI4MDaO+aIbsUcESqXzMm5+ChOmNyiCtLQu8QvfHZK0uDVA==",
      "peer": true,
      "requires": {
        "tslib": "^2.3.0"
      }
    },
    "parse5": {
      "version": "5.1.1",
      "resolved": "https://registry.npmjs.org/parse5/-/parse5-5.1.1.tgz",
      "integrity": "sha512-ugq4DFI0Ptb+WWjAdOK16+u/nHfiIrcE+sh8kZMaM0WllQKLI9rOUq6c2b7cwPkXdzfQESqvoqK6ug7U/Yyzug==",
      "optional": true,
      "peer": true
    },
    "prettier": {
      "version": "2.6.2",
      "resolved": "https://registry.npmjs.org/prettier/-/prettier-2.6.2.tgz",
      "integrity": "sha512-PkUpF+qoXTqhOeWL9fu7As8LXsIUZ1WYaJiY/a7McAQzxjk82OF0tibkFXVCDImZtWxbvojFjerkiLb0/q8mew==",
      "dev": true
    },
    "rxjs": {
      "version": "7.5.5",
      "resolved": "https://registry.npmjs.org/rxjs/-/rxjs-7.5.5.tgz",
      "integrity": "sha512-sy+H0pQofO95VDmFLzyaw9xNJU4KTRSwQIGM6+iG3SypAtCiLDzpeG8sJrNCWn2Up9km+KhkvTdbkrdy+yzZdw==",
      "peer": true,
      "requires": {
        "tslib": "^2.1.0"
      }
    },
    "tslib": {
      "version": "2.4.0",
      "resolved": "https://registry.npmjs.org/tslib/-/tslib-2.4.0.tgz",
      "integrity": "sha512-d6xOpEDfsi2CZVlPQzGeux8XMwLT9hssAsaPYExaQMuYskwb+x1x7J371tWlbBdWHroy99KnVB6qIkUbs5X3UQ=="
    },
    "zone.js": {
      "version": "0.11.6",
      "resolved": "https://registry.npmjs.org/zone.js/-/zone.js-0.11.6.tgz",
      "integrity": "sha512-umJqFtKyZlPli669gB1gOrRE9hxUUGkZr7mo878z+NEBJZZixJkKeVYfnoLa7g25SseUDc92OZrMKKHySyJrFg==",
      "peer": true,
      "requires": {
        "tslib": "^2.3.0"
      }
    }
  }
}
